// !$*UTF8*$!
{
	archiveVersion = 1;
	classes = {
	};
	objectVersion = 55;
	objects = {

/* Begin PBXBuildFile section */
		0A2D155628E9EC09001E8240 /* SignInViewController.swift in Sources */ = {isa = PBXBuildFile; fileRef = 0A2D155528E9EC09001E8240 /* SignInViewController.swift */; };
		0A42A95628EA0D6200B0F380 /* login.json in Resources */ = {isa = PBXBuildFile; fileRef = 0A42A95528EA0D6200B0F380 /* login.json */; };
		0A6DFAF928EC5AC4006C7B1C /* User.swift in Sources */ = {isa = PBXBuildFile; fileRef = 0A6DFAF828EC5AC4006C7B1C /* User.swift */; };
		0A70FC0E28EACEBB006029D5 /* WelcomePage2ViewController.swift in Sources */ = {isa = PBXBuildFile; fileRef = 0A70FC0D28EACEBA006029D5 /* WelcomePage2ViewController.swift */; };
		0A70FC1028EACED6006029D5 /* WelcomePage1ViewController.swift in Sources */ = {isa = PBXBuildFile; fileRef = 0A70FC0F28EACED6006029D5 /* WelcomePage1ViewController.swift */; };
		0A7D121628E1FF7A009C2C4C /* AppDelegate.swift in Sources */ = {isa = PBXBuildFile; fileRef = 0A7D121528E1FF7A009C2C4C /* AppDelegate.swift */; };
		0A7D121828E1FF7A009C2C4C /* SceneDelegate.swift in Sources */ = {isa = PBXBuildFile; fileRef = 0A7D121728E1FF7A009C2C4C /* SceneDelegate.swift */; };
		0A7D121F28E1FF7A009C2C4C /* Assets.xcassets in Resources */ = {isa = PBXBuildFile; fileRef = 0A7D121E28E1FF7A009C2C4C /* Assets.xcassets */; };
		0A7D122228E1FF7A009C2C4C /* LaunchScreen.storyboard in Resources */ = {isa = PBXBuildFile; fileRef = 0A7D122028E1FF7A009C2C4C /* LaunchScreen.storyboard */; };
		0A7D123228E2006C009C2C4C /* MainTabBarController.swift in Sources */ = {isa = PBXBuildFile; fileRef = 0A7D123128E2006C009C2C4C /* MainTabBarController.swift */; };
		0A7D123428E2013C009C2C4C /* HomeViewController.swift in Sources */ = {isa = PBXBuildFile; fileRef = 0A7D123328E2013C009C2C4C /* HomeViewController.swift */; };
		0A7D123728E20161009C2C4C /* PersonViewController.swift in Sources */ = {isa = PBXBuildFile; fileRef = 0A7D123628E20161009C2C4C /* PersonViewController.swift */; };
		0A7D123E28E201C9009C2C4C /* ShareViewController.swift in Sources */ = {isa = PBXBuildFile; fileRef = 0A7D123D28E201C9009C2C4C /* ShareViewController.swift */; };
		0A7D124128E201D4009C2C4C /* MapViewController.swift in Sources */ = {isa = PBXBuildFile; fileRef = 0A7D124028E201D4009C2C4C /* MapViewController.swift */; };
		0A856B2328EA07E200ABDD03 /* RegisterViewController.swift in Sources */ = {isa = PBXBuildFile; fileRef = 0A856B2228EA07E200ABDD03 /* RegisterViewController.swift */; };
		0A8FAF7728EB7EB60009E65A /* GoogleService-Info.plist in Resources */ = {isa = PBXBuildFile; fileRef = 0A8FAF7628EB7EB50009E65A /* GoogleService-Info.plist */; };
		0A969DF028EB12EF00529B6B /* UIView+Extentions.swift in Sources */ = {isa = PBXBuildFile; fileRef = 0A969DEF28EB12EF00529B6B /* UIView+Extentions.swift */; };
		0AB0BAFF28EC9EA200EEB48C /* UserService.swift in Sources */ = {isa = PBXBuildFile; fileRef = 0AB0BAFE28EC9EA200EEB48C /* UserService.swift */; };
		0AC21DC028EF7C6D0078E382 /* MapViewModel.swift in Sources */ = {isa = PBXBuildFile; fileRef = 0AC21DBF28EF7C6D0078E382 /* MapViewModel.swift */; };
		0ACB8F8428EA212500A17CC4 /* WelcomeViewController.swift in Sources */ = {isa = PBXBuildFile; fileRef = 0ACB8F8328EA212500A17CC4 /* WelcomeViewController.swift */; };
		0ACB8F8828EA2EFD00A17CC4 /* WelcomePage3ViewController.swift in Sources */ = {isa = PBXBuildFile; fileRef = 0ACB8F8728EA2EFD00A17CC4 /* WelcomePage3ViewController.swift */; };
		0AEA481628ECD566002538D6 /* UIColor+Extentions.swift in Sources */ = {isa = PBXBuildFile; fileRef = 0AEA481528ECD566002538D6 /* UIColor+Extentions.swift */; };
		0AF910E528E42C9C004779EF /* HomeControllerViewModel.swift in Sources */ = {isa = PBXBuildFile; fileRef = 0AF910E428E42C9C004779EF /* HomeControllerViewModel.swift */; };
		0AF9DCED28EC037500B2570F /* AuthManager.swift in Sources */ = {isa = PBXBuildFile; fileRef = 0AF9DCEC28EC037500B2570F /* AuthManager.swift */; };
		0AF9DCEF28EC03D300B2570F /* SignInViewModel.swift in Sources */ = {isa = PBXBuildFile; fileRef = 0AF9DCEE28EC03D300B2570F /* SignInViewModel.swift */; };
		0AF9DCF128EC03FF00B2570F /* RegisterViewModel.swift in Sources */ = {isa = PBXBuildFile; fileRef = 0AF9DCF028EC03FF00B2570F /* RegisterViewModel.swift */; };
		5F6856729A6D00D7421E7DB5 /* Pods_TestableApp.framework in Frameworks */ = {isa = PBXBuildFile; fileRef = 99EEC335AC54C3B5F123483A /* Pods_TestableApp.framework */; };
/* End PBXBuildFile section */

/* Begin PBXFileReference section */
		0A2D155528E9EC09001E8240 /* SignInViewController.swift */ = {isa = PBXFileReference; lastKnownFileType = sourcecode.swift; path = SignInViewController.swift; sourceTree = "<group>"; };
		0A42A95528EA0D6200B0F380 /* login.json */ = {isa = PBXFileReference; fileEncoding = 4; lastKnownFileType = text.json; path = login.json; sourceTree = "<group>"; };
		0A6DFAF828EC5AC4006C7B1C /* User.swift */ = {isa = PBXFileReference; lastKnownFileType = sourcecode.swift; name = User.swift; path = TestableApp/Core/Other/Auth/Register/User.swift; sourceTree = SOURCE_ROOT; };
		0A70FC0D28EACEBA006029D5 /* WelcomePage2ViewController.swift */ = {isa = PBXFileReference; lastKnownFileType = sourcecode.swift; path = WelcomePage2ViewController.swift; sourceTree = "<group>"; };
		0A70FC0F28EACED6006029D5 /* WelcomePage1ViewController.swift */ = {isa = PBXFileReference; lastKnownFileType = sourcecode.swift; path = WelcomePage1ViewController.swift; sourceTree = "<group>"; };
		0A7D121228E1FF7A009C2C4C /* TestableApp.app */ = {isa = PBXFileReference; explicitFileType = wrapper.application; includeInIndex = 0; path = TestableApp.app; sourceTree = BUILT_PRODUCTS_DIR; };
		0A7D121528E1FF7A009C2C4C /* AppDelegate.swift */ = {isa = PBXFileReference; lastKnownFileType = sourcecode.swift; path = AppDelegate.swift; sourceTree = "<group>"; };
		0A7D121728E1FF7A009C2C4C /* SceneDelegate.swift */ = {isa = PBXFileReference; lastKnownFileType = sourcecode.swift; path = SceneDelegate.swift; sourceTree = "<group>"; };
		0A7D121E28E1FF7A009C2C4C /* Assets.xcassets */ = {isa = PBXFileReference; lastKnownFileType = folder.assetcatalog; path = Assets.xcassets; sourceTree = "<group>"; };
		0A7D122128E1FF7A009C2C4C /* Base */ = {isa = PBXFileReference; lastKnownFileType = file.storyboard; name = Base; path = Base.lproj/LaunchScreen.storyboard; sourceTree = "<group>"; };
		0A7D122328E1FF7A009C2C4C /* Info.plist */ = {isa = PBXFileReference; lastKnownFileType = text.plist.xml; path = Info.plist; sourceTree = "<group>"; };
		0A7D123128E2006C009C2C4C /* MainTabBarController.swift */ = {isa = PBXFileReference; lastKnownFileType = sourcecode.swift; path = MainTabBarController.swift; sourceTree = "<group>"; };
		0A7D123328E2013C009C2C4C /* HomeViewController.swift */ = {isa = PBXFileReference; lastKnownFileType = sourcecode.swift; path = HomeViewController.swift; sourceTree = "<group>"; };
		0A7D123628E20161009C2C4C /* PersonViewController.swift */ = {isa = PBXFileReference; lastKnownFileType = sourcecode.swift; path = PersonViewController.swift; sourceTree = "<group>"; };
		0A7D123D28E201C9009C2C4C /* ShareViewController.swift */ = {isa = PBXFileReference; lastKnownFileType = sourcecode.swift; path = ShareViewController.swift; sourceTree = "<group>"; };
		0A7D124028E201D4009C2C4C /* MapViewController.swift */ = {isa = PBXFileReference; lastKnownFileType = sourcecode.swift; path = MapViewController.swift; sourceTree = "<group>"; };
		0A856B2228EA07E200ABDD03 /* RegisterViewController.swift */ = {isa = PBXFileReference; lastKnownFileType = sourcecode.swift; path = RegisterViewController.swift; sourceTree = "<group>"; };
		0A8FAF7628EB7EB50009E65A /* GoogleService-Info.plist */ = {isa = PBXFileReference; fileEncoding = 4; lastKnownFileType = text.plist.xml; path = "GoogleService-Info.plist"; sourceTree = "<group>"; };
		0A969DEF28EB12EF00529B6B /* UIView+Extentions.swift */ = {isa = PBXFileReference; lastKnownFileType = sourcecode.swift; path = "UIView+Extentions.swift"; sourceTree = "<group>"; };
		0AB0BAFE28EC9EA200EEB48C /* UserService.swift */ = {isa = PBXFileReference; lastKnownFileType = sourcecode.swift; name = UserService.swift; path = TestableApp/Core/Other/Auth/Register/UserService.swift; sourceTree = SOURCE_ROOT; };
		0AC21DBF28EF7C6D0078E382 /* MapViewModel.swift */ = {isa = PBXFileReference; lastKnownFileType = sourcecode.swift; path = MapViewModel.swift; sourceTree = "<group>"; };
		0ACB8F8328EA212500A17CC4 /* WelcomeViewController.swift */ = {isa = PBXFileReference; lastKnownFileType = sourcecode.swift; path = WelcomeViewController.swift; sourceTree = "<group>"; };
		0ACB8F8728EA2EFD00A17CC4 /* WelcomePage3ViewController.swift */ = {isa = PBXFileReference; lastKnownFileType = sourcecode.swift; path = WelcomePage3ViewController.swift; sourceTree = "<group>"; };
		0AEA481528ECD566002538D6 /* UIColor+Extentions.swift */ = {isa = PBXFileReference; lastKnownFileType = sourcecode.swift; path = "UIColor+Extentions.swift"; sourceTree = "<group>"; };
		0AF910E428E42C9C004779EF /* HomeControllerViewModel.swift */ = {isa = PBXFileReference; lastKnownFileType = sourcecode.swift; path = HomeControllerViewModel.swift; sourceTree = "<group>"; };
		0AF9DCEC28EC037500B2570F /* AuthManager.swift */ = {isa = PBXFileReference; lastKnownFileType = sourcecode.swift; path = AuthManager.swift; sourceTree = "<group>"; };
		0AF9DCEE28EC03D300B2570F /* SignInViewModel.swift */ = {isa = PBXFileReference; lastKnownFileType = sourcecode.swift; path = SignInViewModel.swift; sourceTree = "<group>"; };
		0AF9DCF028EC03FF00B2570F /* RegisterViewModel.swift */ = {isa = PBXFileReference; lastKnownFileType = sourcecode.swift; path = RegisterViewModel.swift; sourceTree = "<group>"; };
		0E1DD3B299AB6442D0ADF3F8 /* Pods-TestableApp.debug.xcconfig */ = {isa = PBXFileReference; includeInIndex = 1; lastKnownFileType = text.xcconfig; name = "Pods-TestableApp.debug.xcconfig"; path = "Target Support Files/Pods-TestableApp/Pods-TestableApp.debug.xcconfig"; sourceTree = "<group>"; };
		2119EEB945EC24C89819F90D /* Pods-TestableApp.release.xcconfig */ = {isa = PBXFileReference; includeInIndex = 1; lastKnownFileType = text.xcconfig; name = "Pods-TestableApp.release.xcconfig"; path = "Target Support Files/Pods-TestableApp/Pods-TestableApp.release.xcconfig"; sourceTree = "<group>"; };
		99EEC335AC54C3B5F123483A /* Pods_TestableApp.framework */ = {isa = PBXFileReference; explicitFileType = wrapper.framework; includeInIndex = 0; path = Pods_TestableApp.framework; sourceTree = BUILT_PRODUCTS_DIR; };
/* End PBXFileReference section */

/* Begin PBXFrameworksBuildPhase section */
		0A7D120F28E1FF7A009C2C4C /* Frameworks */ = {
			isa = PBXFrameworksBuildPhase;
			buildActionMask = 2147483647;
			files = (
				5F6856729A6D00D7421E7DB5 /* Pods_TestableApp.framework in Frameworks */,
			);
			runOnlyForDeploymentPostprocessing = 0;
		};
/* End PBXFrameworksBuildPhase section */

/* Begin PBXGroup section */
		0A2D155228E9EBE8001E8240 /* Other */ = {
			isa = PBXGroup;
			children = (
				0ACB8F8128EA211000A17CC4 /* Welcome */,
				0A2D155328E9EBED001E8240 /* Auth */,
			);
			path = Other;
			sourceTree = "<group>";
		};
		0A2D155328E9EBED001E8240 /* Auth */ = {
			isa = PBXGroup;
			children = (
				0A856B2128EA07D600ABDD03 /* Register */,
				0A2D155428E9EBF3001E8240 /* Sign In */,
			);
			path = Auth;
			sourceTree = "<group>";
		};
		0A2D155428E9EBF3001E8240 /* Sign In */ = {
			isa = PBXGroup;
			children = (
				0A2D155528E9EC09001E8240 /* SignInViewController.swift */,
				0AF9DCEE28EC03D300B2570F /* SignInViewModel.swift */,
			);
			path = "Sign In";
			sourceTree = "<group>";
		};
		0A7D120928E1FF7A009C2C4C = {
			isa = PBXGroup;
			children = (
				0A7D121428E1FF7A009C2C4C /* TestableApp */,
				0A7D121328E1FF7A009C2C4C /* Products */,
				46256BFE5FB5AD30D6AB3CA2 /* Pods */,
				A30DD549D114CA300EB8E860 /* Frameworks */,
			);
			sourceTree = "<group>";
		};
		0A7D121328E1FF7A009C2C4C /* Products */ = {
			isa = PBXGroup;
			children = (
				0A7D121228E1FF7A009C2C4C /* TestableApp.app */,
			);
			name = Products;
			sourceTree = "<group>";
		};
		0A7D121428E1FF7A009C2C4C /* TestableApp */ = {
			isa = PBXGroup;
			children = (
				0A969DEE28EB12D800529B6B /* Extentions */,
				0A7D124228E203DF009C2C4C /* Resources */,
				0A7D122B28E20023009C2C4C /* Service */,
				0A7D122A28E20018009C2C4C /* Model */,
				0A7D122928E20013009C2C4C /* Core */,
				0A7D122328E1FF7A009C2C4C /* Info.plist */,
				0A8FAF7628EB7EB50009E65A /* GoogleService-Info.plist */,
			);
			path = TestableApp;
			sourceTree = "<group>";
		};
		0A7D122928E20013009C2C4C /* Core */ = {
			isa = PBXGroup;
			children = (
				0A7D123028E2004F009C2C4C /* Tabbar */,
				0A2D155228E9EBE8001E8240 /* Other */,
				0A7D123C28E201AA009C2C4C /* Share */,
				0A7D123B28E201A6009C2C4C /* Map */,
				0A7D123528E20154009C2C4C /* Person */,
				0A7D122C28E2002B009C2C4C /* Home */,
			);
			path = Core;
			sourceTree = "<group>";
		};
		0A7D122A28E20018009C2C4C /* Model */ = {
			isa = PBXGroup;
			children = (
				0A6DFAF828EC5AC4006C7B1C /* User.swift */,
			);
			path = Model;
			sourceTree = "<group>";
		};
		0A7D122B28E20023009C2C4C /* Service */ = {
			isa = PBXGroup;
			children = (
				0AB0BAFE28EC9EA200EEB48C /* UserService.swift */,
				0AF9DCEC28EC037500B2570F /* AuthManager.swift */,
			);
			path = Service;
			sourceTree = "<group>";
		};
		0A7D122C28E2002B009C2C4C /* Home */ = {
			isa = PBXGroup;
			children = (
				0A7D122E28E20034009C2C4C /* ViewModel */,
				0A7D122D28E20030009C2C4C /* View */,
			);
			path = Home;
			sourceTree = "<group>";
		};
		0A7D122D28E20030009C2C4C /* View */ = {
			isa = PBXGroup;
			children = (
				0A7D123328E2013C009C2C4C /* HomeViewController.swift */,
			);
			path = View;
			sourceTree = "<group>";
		};
		0A7D122E28E20034009C2C4C /* ViewModel */ = {
			isa = PBXGroup;
			children = (
				0AF910E428E42C9C004779EF /* HomeControllerViewModel.swift */,
			);
			path = ViewModel;
			sourceTree = "<group>";
		};
		0A7D123028E2004F009C2C4C /* Tabbar */ = {
			isa = PBXGroup;
			children = (
				0A7D123128E2006C009C2C4C /* MainTabBarController.swift */,
			);
			path = Tabbar;
			sourceTree = "<group>";
		};
		0A7D123528E20154009C2C4C /* Person */ = {
			isa = PBXGroup;
			children = (
				0A7D123628E20161009C2C4C /* PersonViewController.swift */,
			);
			path = Person;
			sourceTree = "<group>";
		};
		0A7D123B28E201A6009C2C4C /* Map */ = {
			isa = PBXGroup;
			children = (
				0A7D124028E201D4009C2C4C /* MapViewController.swift */,
				0AC21DBF28EF7C6D0078E382 /* MapViewModel.swift */,
			);
			path = Map;
			sourceTree = "<group>";
		};
		0A7D123C28E201AA009C2C4C /* Share */ = {
			isa = PBXGroup;
			children = (
				0A7D123D28E201C9009C2C4C /* ShareViewController.swift */,
			);
			path = Share;
			sourceTree = "<group>";
		};
		0A7D124228E203DF009C2C4C /* Resources */ = {
			isa = PBXGroup;
			children = (
				0A856B1D28E9EEA700ABDD03 /* Assets */,
				0A7D121528E1FF7A009C2C4C /* AppDelegate.swift */,
				0A7D121728E1FF7A009C2C4C /* SceneDelegate.swift */,
				0A7D121E28E1FF7A009C2C4C /* Assets.xcassets */,
				0A7D122028E1FF7A009C2C4C /* LaunchScreen.storyboard */,
			);
			path = Resources;
			sourceTree = "<group>";
		};
		0A856B1D28E9EEA700ABDD03 /* Assets */ = {
			isa = PBXGroup;
			children = (
				0A856B1E28E9EEB600ABDD03 /* Animation */,
			);
			path = Assets;
			sourceTree = "<group>";
		};
		0A856B1E28E9EEB600ABDD03 /* Animation */ = {
			isa = PBXGroup;
			children = (
				0A42A95528EA0D6200B0F380 /* login.json */,
			);
			path = Animation;
			sourceTree = "<group>";
		};
		0A856B2128EA07D600ABDD03 /* Register */ = {
			isa = PBXGroup;
			children = (
				0A856B2228EA07E200ABDD03 /* RegisterViewController.swift */,
				0AF9DCF028EC03FF00B2570F /* RegisterViewModel.swift */,
			);
			path = Register;
			sourceTree = "<group>";
		};
		0A969DEE28EB12D800529B6B /* Extentions */ = {
			isa = PBXGroup;
			children = (
				0A969DEF28EB12EF00529B6B /* UIView+Extentions.swift */,
				0AEA481528ECD566002538D6 /* UIColor+Extentions.swift */,
			);
			path = Extentions;
			sourceTree = "<group>";
		};
		0ACB8F8128EA211000A17CC4 /* Welcome */ = {
			isa = PBXGroup;
			children = (
				0ACB8F8528EA2ED200A17CC4 /* PagingView */,
				0ACB8F8728EA2EFD00A17CC4 /* WelcomePage3ViewController.swift */,
				0A70FC0D28EACEBA006029D5 /* WelcomePage2ViewController.swift */,
				0A70FC0F28EACED6006029D5 /* WelcomePage1ViewController.swift */,
			);
			path = Welcome;
			sourceTree = "<group>";
		};
		0ACB8F8528EA2ED200A17CC4 /* PagingView */ = {
			isa = PBXGroup;
			children = (
				0ACB8F8328EA212500A17CC4 /* WelcomeViewController.swift */,
			);
			path = PagingView;
			sourceTree = "<group>";
		};
		46256BFE5FB5AD30D6AB3CA2 /* Pods */ = {
			isa = PBXGroup;
			children = (
				0E1DD3B299AB6442D0ADF3F8 /* Pods-TestableApp.debug.xcconfig */,
				2119EEB945EC24C89819F90D /* Pods-TestableApp.release.xcconfig */,
			);
			path = Pods;
			sourceTree = "<group>";
		};
		A30DD549D114CA300EB8E860 /* Frameworks */ = {
			isa = PBXGroup;
			children = (
				99EEC335AC54C3B5F123483A /* Pods_TestableApp.framework */,
			);
			name = Frameworks;
			sourceTree = "<group>";
		};
/* End PBXGroup section */

/* Begin PBXNativeTarget section */
		0A7D121128E1FF7A009C2C4C /* TestableApp */ = {
			isa = PBXNativeTarget;
			buildConfigurationList = 0A7D122628E1FF7A009C2C4C /* Build configuration list for PBXNativeTarget "TestableApp" */;
			buildPhases = (
				C1661F374EB9CAD77C1EA08B /* [CP] Check Pods Manifest.lock */,
				0A7D120E28E1FF7A009C2C4C /* Sources */,
				0A7D120F28E1FF7A009C2C4C /* Frameworks */,
				0A7D121028E1FF7A009C2C4C /* Resources */,
				8F3E40C182FA6EAB858B8BFC /* [CP] Embed Pods Frameworks */,
			);
			buildRules = (
			);
			dependencies = (
			);
			name = TestableApp;
			productName = TestableApp;
			productReference = 0A7D121228E1FF7A009C2C4C /* TestableApp.app */;
			productType = "com.apple.product-type.application";
		};
/* End PBXNativeTarget section */

/* Begin PBXProject section */
		0A7D120A28E1FF7A009C2C4C /* Project object */ = {
			isa = PBXProject;
			attributes = {
				BuildIndependentTargetsInParallel = 1;
				LastSwiftUpdateCheck = 1400;
				LastUpgradeCheck = 1400;
				TargetAttributes = {
					0A7D121128E1FF7A009C2C4C = {
						CreatedOnToolsVersion = 14.0;
					};
				};
			};
			buildConfigurationList = 0A7D120D28E1FF7A009C2C4C /* Build configuration list for PBXProject "TestableApp" */;
			compatibilityVersion = "Xcode 13.0";
			developmentRegion = en;
			hasScannedForEncodings = 0;
			knownRegions = (
				en,
				Base,
			);
			mainGroup = 0A7D120928E1FF7A009C2C4C;
			productRefGroup = 0A7D121328E1FF7A009C2C4C /* Products */;
			projectDirPath = "";
			projectRoot = "";
			targets = (
				0A7D121128E1FF7A009C2C4C /* TestableApp */,
			);
		};
/* End PBXProject section */

/* Begin PBXResourcesBuildPhase section */
		0A7D121028E1FF7A009C2C4C /* Resources */ = {
			isa = PBXResourcesBuildPhase;
			buildActionMask = 2147483647;
			files = (
				0A7D122228E1FF7A009C2C4C /* LaunchScreen.storyboard in Resources */,
				0A8FAF7728EB7EB60009E65A /* GoogleService-Info.plist in Resources */,
				0A7D121F28E1FF7A009C2C4C /* Assets.xcassets in Resources */,
				0A42A95628EA0D6200B0F380 /* login.json in Resources */,
			);
			runOnlyForDeploymentPostprocessing = 0;
		};
/* End PBXResourcesBuildPhase section */

/* Begin PBXShellScriptBuildPhase section */
		8F3E40C182FA6EAB858B8BFC /* [CP] Embed Pods Frameworks */ = {
			isa = PBXShellScriptBuildPhase;
			buildActionMask = 2147483647;
			files = (
			);
			inputFileListPaths = (
				"${PODS_ROOT}/Target Support Files/Pods-TestableApp/Pods-TestableApp-frameworks-${CONFIGURATION}-input-files.xcfilelist",
			);
			name = "[CP] Embed Pods Frameworks";
			outputFileListPaths = (
				"${PODS_ROOT}/Target Support Files/Pods-TestableApp/Pods-TestableApp-frameworks-${CONFIGURATION}-output-files.xcfilelist",
			);
			runOnlyForDeploymentPostprocessing = 0;
			shellPath = /bin/sh;
			shellScript = "\"${PODS_ROOT}/Target Support Files/Pods-TestableApp/Pods-TestableApp-frameworks.sh\"\n";
			showEnvVarsInLog = 0;
		};
		C1661F374EB9CAD77C1EA08B /* [CP] Check Pods Manifest.lock */ = {
			isa = PBXShellScriptBuildPhase;
			buildActionMask = 2147483647;
			files = (
			);
			inputFileListPaths = (
			);
			inputPaths = (
				"${PODS_PODFILE_DIR_PATH}/Podfile.lock",
				"${PODS_ROOT}/Manifest.lock",
			);
			name = "[CP] Check Pods Manifest.lock";
			outputFileListPaths = (
			);
			outputPaths = (
				"$(DERIVED_FILE_DIR)/Pods-TestableApp-checkManifestLockResult.txt",
			);
			runOnlyForDeploymentPostprocessing = 0;
			shellPath = /bin/sh;
			shellScript = "diff \"${PODS_PODFILE_DIR_PATH}/Podfile.lock\" \"${PODS_ROOT}/Manifest.lock\" > /dev/null\nif [ $? != 0 ] ; then\n    # print error to STDERR\n    echo \"error: The sandbox is not in sync with the Podfile.lock. Run 'pod install' or update your CocoaPods installation.\" >&2\n    exit 1\nfi\n# This output is used by Xcode 'outputs' to avoid re-running this script phase.\necho \"SUCCESS\" > \"${SCRIPT_OUTPUT_FILE_0}\"\n";
			showEnvVarsInLog = 0;
		};
/* End PBXShellScriptBuildPhase section */

/* Begin PBXSourcesBuildPhase section */
		0A7D120E28E1FF7A009C2C4C /* Sources */ = {
			isa = PBXSourcesBuildPhase;
			buildActionMask = 2147483647;
			files = (
				0A856B2328EA07E200ABDD03 /* RegisterViewController.swift in Sources */,
				0A7D123728E20161009C2C4C /* PersonViewController.swift in Sources */,
				0AF910E528E42C9C004779EF /* HomeControllerViewModel.swift in Sources */,
				0A7D121628E1FF7A009C2C4C /* AppDelegate.swift in Sources */,
				0ACB8F8828EA2EFD00A17CC4 /* WelcomePage3ViewController.swift in Sources */,
				0AEA481628ECD566002538D6 /* UIColor+Extentions.swift in Sources */,
				0A7D121828E1FF7A009C2C4C /* SceneDelegate.swift in Sources */,
				0AF9DCED28EC037500B2570F /* AuthManager.swift in Sources */,
				0A6DFAF928EC5AC4006C7B1C /* User.swift in Sources */,
				0AC21DC028EF7C6D0078E382 /* MapViewModel.swift in Sources */,
				0AF9DCF128EC03FF00B2570F /* RegisterViewModel.swift in Sources */,
				0A969DF028EB12EF00529B6B /* UIView+Extentions.swift in Sources */,
				0A7D123228E2006C009C2C4C /* MainTabBarController.swift in Sources */,
				0A7D123428E2013C009C2C4C /* HomeViewController.swift in Sources */,
				0A7D123E28E201C9009C2C4C /* ShareViewController.swift in Sources */,
				0AB0BAFF28EC9EA200EEB48C /* UserService.swift in Sources */,
				0A70FC1028EACED6006029D5 /* WelcomePage1ViewController.swift in Sources */,
				0ACB8F8428EA212500A17CC4 /* WelcomeViewController.swift in Sources */,
				0AF9DCEF28EC03D300B2570F /* SignInViewModel.swift in Sources */,
				0A2D155628E9EC09001E8240 /* SignInViewController.swift in Sources */,
				0A70FC0E28EACEBB006029D5 /* WelcomePage2ViewController.swift in Sources */,
				0A7D124128E201D4009C2C4C /* MapViewController.swift in Sources */,
			);
			runOnlyForDeploymentPostprocessing = 0;
		};
/* End PBXSourcesBuildPhase section */

/* Begin PBXVariantGroup section */
		0A7D122028E1FF7A009C2C4C /* LaunchScreen.storyboard */ = {
			isa = PBXVariantGroup;
			children = (
				0A7D122128E1FF7A009C2C4C /* Base */,
			);
			name = LaunchScreen.storyboard;
			sourceTree = "<group>";
		};
/* End PBXVariantGroup section */

/* Begin XCBuildConfiguration section */
		0A7D122428E1FF7A009C2C4C /* Debug */ = {
			isa = XCBuildConfiguration;
			buildSettings = {
				ALWAYS_SEARCH_USER_PATHS = NO;
				CLANG_ANALYZER_NONNULL = YES;
				CLANG_ANALYZER_NUMBER_OBJECT_CONVERSION = YES_AGGRESSIVE;
				CLANG_CXX_LANGUAGE_STANDARD = "gnu++20";
				CLANG_ENABLE_MODULES = YES;
				CLANG_ENABLE_OBJC_ARC = YES;
				CLANG_ENABLE_OBJC_WEAK = YES;
				CLANG_WARN_BLOCK_CAPTURE_AUTORELEASING = YES;
				CLANG_WARN_BOOL_CONVERSION = YES;
				CLANG_WARN_COMMA = YES;
				CLANG_WARN_CONSTANT_CONVERSION = YES;
				CLANG_WARN_DEPRECATED_OBJC_IMPLEMENTATIONS = YES;
				CLANG_WARN_DIRECT_OBJC_ISA_USAGE = YES_ERROR;
				CLANG_WARN_DOCUMENTATION_COMMENTS = YES;
				CLANG_WARN_EMPTY_BODY = YES;
				CLANG_WARN_ENUM_CONVERSION = YES;
				CLANG_WARN_INFINITE_RECURSION = YES;
				CLANG_WARN_INT_CONVERSION = YES;
				CLANG_WARN_NON_LITERAL_NULL_CONVERSION = YES;
				CLANG_WARN_OBJC_IMPLICIT_RETAIN_SELF = YES;
				CLANG_WARN_OBJC_LITERAL_CONVERSION = YES;
				CLANG_WARN_OBJC_ROOT_CLASS = YES_ERROR;
				CLANG_WARN_QUOTED_INCLUDE_IN_FRAMEWORK_HEADER = YES;
				CLANG_WARN_RANGE_LOOP_ANALYSIS = YES;
				CLANG_WARN_STRICT_PROTOTYPES = YES;
				CLANG_WARN_SUSPICIOUS_MOVE = YES;
				CLANG_WARN_UNGUARDED_AVAILABILITY = YES_AGGRESSIVE;
				CLANG_WARN_UNREACHABLE_CODE = YES;
				CLANG_WARN__DUPLICATE_METHOD_MATCH = YES;
				COPY_PHASE_STRIP = NO;
				DEBUG_INFORMATION_FORMAT = dwarf;
				ENABLE_STRICT_OBJC_MSGSEND = YES;
				ENABLE_TESTABILITY = YES;
				GCC_C_LANGUAGE_STANDARD = gnu11;
				GCC_DYNAMIC_NO_PIC = NO;
				GCC_NO_COMMON_BLOCKS = YES;
				GCC_OPTIMIZATION_LEVEL = 0;
				GCC_PREPROCESSOR_DEFINITIONS = (
					"DEBUG=1",
					"$(inherited)",
				);
				GCC_WARN_64_TO_32_BIT_CONVERSION = YES;
				GCC_WARN_ABOUT_RETURN_TYPE = YES_ERROR;
				GCC_WARN_UNDECLARED_SELECTOR = YES;
				GCC_WARN_UNINITIALIZED_AUTOS = YES_AGGRESSIVE;
				GCC_WARN_UNUSED_FUNCTION = YES;
				GCC_WARN_UNUSED_VARIABLE = YES;
				IPHONEOS_DEPLOYMENT_TARGET = 16.0;
				MTL_ENABLE_DEBUG_INFO = INCLUDE_SOURCE;
				MTL_FAST_MATH = YES;
				ONLY_ACTIVE_ARCH = YES;
				SDKROOT = iphoneos;
				SWIFT_ACTIVE_COMPILATION_CONDITIONS = DEBUG;
				SWIFT_OPTIMIZATION_LEVEL = "-Onone";
			};
			name = Debug;
		};
		0A7D122528E1FF7A009C2C4C /* Release */ = {
			isa = XCBuildConfiguration;
			buildSettings = {
				ALWAYS_SEARCH_USER_PATHS = NO;
				CLANG_ANALYZER_NONNULL = YES;
				CLANG_ANALYZER_NUMBER_OBJECT_CONVERSION = YES_AGGRESSIVE;
				CLANG_CXX_LANGUAGE_STANDARD = "gnu++20";
				CLANG_ENABLE_MODULES = YES;
				CLANG_ENABLE_OBJC_ARC = YES;
				CLANG_ENABLE_OBJC_WEAK = YES;
				CLANG_WARN_BLOCK_CAPTURE_AUTORELEASING = YES;
				CLANG_WARN_BOOL_CONVERSION = YES;
				CLANG_WARN_COMMA = YES;
				CLANG_WARN_CONSTANT_CONVERSION = YES;
				CLANG_WARN_DEPRECATED_OBJC_IMPLEMENTATIONS = YES;
				CLANG_WARN_DIRECT_OBJC_ISA_USAGE = YES_ERROR;
				CLANG_WARN_DOCUMENTATION_COMMENTS = YES;
				CLANG_WARN_EMPTY_BODY = YES;
				CLANG_WARN_ENUM_CONVERSION = YES;
				CLANG_WARN_INFINITE_RECURSION = YES;
				CLANG_WARN_INT_CONVERSION = YES;
				CLANG_WARN_NON_LITERAL_NULL_CONVERSION = YES;
				CLANG_WARN_OBJC_IMPLICIT_RETAIN_SELF = YES;
				CLANG_WARN_OBJC_LITERAL_CONVERSION = YES;
				CLANG_WARN_OBJC_ROOT_CLASS = YES_ERROR;
				CLANG_WARN_QUOTED_INCLUDE_IN_FRAMEWORK_HEADER = YES;
				CLANG_WARN_RANGE_LOOP_ANALYSIS = YES;
				CLANG_WARN_STRICT_PROTOTYPES = YES;
				CLANG_WARN_SUSPICIOUS_MOVE = YES;
				CLANG_WARN_UNGUARDED_AVAILABILITY = YES_AGGRESSIVE;
				CLANG_WARN_UNREACHABLE_CODE = YES;
				CLANG_WARN__DUPLICATE_METHOD_MATCH = YES;
				COPY_PHASE_STRIP = NO;
				DEBUG_INFORMATION_FORMAT = "dwarf-with-dsym";
				ENABLE_NS_ASSERTIONS = NO;
				ENABLE_STRICT_OBJC_MSGSEND = YES;
				GCC_C_LANGUAGE_STANDARD = gnu11;
				GCC_NO_COMMON_BLOCKS = YES;
				GCC_WARN_64_TO_32_BIT_CONVERSION = YES;
				GCC_WARN_ABOUT_RETURN_TYPE = YES_ERROR;
				GCC_WARN_UNDECLARED_SELECTOR = YES;
				GCC_WARN_UNINITIALIZED_AUTOS = YES_AGGRESSIVE;
				GCC_WARN_UNUSED_FUNCTION = YES;
				GCC_WARN_UNUSED_VARIABLE = YES;
				IPHONEOS_DEPLOYMENT_TARGET = 16.0;
				MTL_ENABLE_DEBUG_INFO = NO;
				MTL_FAST_MATH = YES;
				SDKROOT = iphoneos;
				SWIFT_COMPILATION_MODE = wholemodule;
				SWIFT_OPTIMIZATION_LEVEL = "-O";
				VALIDATE_PRODUCT = YES;
			};
			name = Release;
		};
		0A7D122728E1FF7A009C2C4C /* Debug */ = {
			isa = XCBuildConfiguration;
			baseConfigurationReference = 0E1DD3B299AB6442D0ADF3F8 /* Pods-TestableApp.debug.xcconfig */;
			buildSettings = {
				ASSETCATALOG_COMPILER_APPICON_NAME = AppIcon;
				ASSETCATALOG_COMPILER_GLOBAL_ACCENT_COLOR_NAME = AccentColor;
				CODE_SIGN_STYLE = Automatic;
				CURRENT_PROJECT_VERSION = 1;
				DEVELOPMENT_TEAM = HJ3CX8Z5MV;
				GENERATE_INFOPLIST_FILE = YES;
				INFOPLIST_FILE = TestableApp/Info.plist;
				INFOPLIST_KEY_NSLocationWhenInUseUsageDescription = "We need your location to look at risk factors.";
				INFOPLIST_KEY_UIApplicationSupportsIndirectInputEvents = YES;
				INFOPLIST_KEY_UILaunchStoryboardName = LaunchScreen;
				INFOPLIST_KEY_UISupportedInterfaceOrientations = UIInterfaceOrientationPortrait;
				INFOPLIST_KEY_UISupportedInterfaceOrientations_iPad = "UIInterfaceOrientationLandscapeLeft UIInterfaceOrientationLandscapeRight UIInterfaceOrientationPortrait UIInterfaceOrientationPortraitUpsideDown";
				LD_RUNPATH_SEARCH_PATHS = (
					"$(inherited)",
					"@executable_path/Frameworks",
				);
				MARKETING_VERSION = 1.0;
				PRODUCT_BUNDLE_IDENTIFIER = com.boraerdem.TestableApp;
				PRODUCT_NAME = "$(TARGET_NAME)";
				SUPPORTED_PLATFORMS = "iphoneos iphonesimulator";
				SUPPORTS_MACCATALYST = NO;
				SUPPORTS_MAC_DESIGNED_FOR_IPHONE_IPAD = NO;
				SWIFT_EMIT_LOC_STRINGS = YES;
				SWIFT_VERSION = 5.0;
				TARGETED_DEVICE_FAMILY = "1,2";
			};
			name = Debug;
		};
		0A7D122828E1FF7A009C2C4C /* Release */ = {
			isa = XCBuildConfiguration;
			baseConfigurationReference = 2119EEB945EC24C89819F90D /* Pods-TestableApp.release.xcconfig */;
			buildSettings = {
				ASSETCATALOG_COMPILER_APPICON_NAME = AppIcon;
				ASSETCATALOG_COMPILER_GLOBAL_ACCENT_COLOR_NAME = AccentColor;
				CODE_SIGN_STYLE = Automatic;
				CURRENT_PROJECT_VERSION = 1;
				DEVELOPMENT_TEAM = HJ3CX8Z5MV;
				GENERATE_INFOPLIST_FILE = YES;
				INFOPLIST_FILE = TestableApp/Info.plist;
				INFOPLIST_KEY_NSLocationWhenInUseUsageDescription = "We need your location to look at risk factors.";
				INFOPLIST_KEY_UIApplicationSupportsIndirectInputEvents = YES;
				INFOPLIST_KEY_UILaunchStoryboardName = LaunchScreen;
				INFOPLIST_KEY_UISupportedInterfaceOrientations = UIInterfaceOrientationPortrait;
				INFOPLIST_KEY_UISupportedInterfaceOrientations_iPad = "UIInterfaceOrientationLandscapeLeft UIInterfaceOrientationLandscapeRight UIInterfaceOrientationPortrait UIInterfaceOrientationPortraitUpsideDown";
				LD_RUNPATH_SEARCH_PATHS = (
					"$(inherited)",
					"@executable_path/Frameworks",
				);
				MARKETING_VERSION = 1.0;
				PRODUCT_BUNDLE_IDENTIFIER = com.boraerdem.TestableApp;
				PRODUCT_NAME = "$(TARGET_NAME)";
				SUPPORTED_PLATFORMS = "iphoneos iphonesimulator";
				SUPPORTS_MACCATALYST = NO;
				SUPPORTS_MAC_DESIGNED_FOR_IPHONE_IPAD = NO;
				SWIFT_EMIT_LOC_STRINGS = YES;
				SWIFT_VERSION = 5.0;
				TARGETED_DEVICE_FAMILY = "1,2";
			};
			name = Release;
		};
/* End XCBuildConfiguration section */

/* Begin XCConfigurationList section */
		0A7D120D28E1FF7A009C2C4C /* Build configuration list for PBXProject "TestableApp" */ = {
			isa = XCConfigurationList;
			buildConfigurations = (
				0A7D122428E1FF7A009C2C4C /* Debug */,
				0A7D122528E1FF7A009C2C4C /* Release */,
			);
			defaultConfigurationIsVisible = 0;
			defaultConfigurationName = Release;
		};
		0A7D122628E1FF7A009C2C4C /* Build configuration list for PBXNativeTarget "TestableApp" */ = {
			isa = XCConfigurationList;
			buildConfigurations = (
				0A7D122728E1FF7A009C2C4C /* Debug */,
				0A7D122828E1FF7A009C2C4C /* Release */,
			);
			defaultConfigurationIsVisible = 0;
			defaultConfigurationName = Release;
		};
/* End XCConfigurationList section */
	};
	rootObject = 0A7D120A28E1FF7A009C2C4C /* Project object */;
}
